# This file is automatically @generated by Poetry 1.7.1 and should not be changed by hand.

[[package]]
name = "async-lru"
version = "2.0.4"
description = "Simple LRU cache for asyncio"
optional = false
python-versions = ">=3.8"
files = [
    {file = "async-lru-2.0.4.tar.gz", hash = "sha256:b8a59a5df60805ff63220b2a0c5b5393da5521b113cd5465a44eb037d81a5627"},
    {file = "async_lru-2.0.4-py3-none-any.whl", hash = "sha256:ff02944ce3c288c5be660c42dbcca0742b32c3b279d6dceda655190240b99224"},
]

[[package]]
name = "black"
version = "24.4.2"
description = "The uncompromising code formatter."
optional = false
python-versions = ">=3.8"
files = [
    {file = "black-24.4.2-cp310-cp310-macosx_10_9_x86_64.whl", hash = "sha256:dd1b5a14e417189db4c7b64a6540f31730713d173f0b63e55fabd52d61d8fdce"},
    {file = "black-24.4.2-cp310-cp310-macosx_11_0_arm64.whl", hash = "sha256:8e537d281831ad0e71007dcdcbe50a71470b978c453fa41ce77186bbe0ed6021"},
    {file = "black-24.4.2-cp310-cp310-manylinux_2_17_x86_64.manylinux2014_x86_64.whl", hash = "sha256:eaea3008c281f1038edb473c1aa8ed8143a5535ff18f978a318f10302b254063"},
    {file = "black-24.4.2-cp310-cp310-win_amd64.whl", hash = "sha256:7768a0dbf16a39aa5e9a3ded568bb545c8c2727396d063bbaf847df05b08cd96"},
    {file = "black-24.4.2-cp311-cp311-macosx_10_9_x86_64.whl", hash = "sha256:257d724c2c9b1660f353b36c802ccece186a30accc7742c176d29c146df6e474"},
    {file = "black-24.4.2-cp311-cp311-macosx_11_0_arm64.whl", hash = "sha256:bdde6f877a18f24844e381d45e9947a49e97933573ac9d4345399be37621e26c"},
    {file = "black-24.4.2-cp311-cp311-manylinux_2_17_x86_64.manylinux2014_x86_64.whl", hash = "sha256:e151054aa00bad1f4e1f04919542885f89f5f7d086b8a59e5000e6c616896ffb"},
    {file = "black-24.4.2-cp311-cp311-win_amd64.whl", hash = "sha256:7e122b1c4fb252fd85df3ca93578732b4749d9be076593076ef4d07a0233c3e1"},
    {file = "black-24.4.2-cp312-cp312-macosx_10_9_x86_64.whl", hash = "sha256:accf49e151c8ed2c0cdc528691838afd217c50412534e876a19270fea1e28e2d"},
    {file = "black-24.4.2-cp312-cp312-macosx_11_0_arm64.whl", hash = "sha256:88c57dc656038f1ab9f92b3eb5335ee9b021412feaa46330d5eba4e51fe49b04"},
    {file = "black-24.4.2-cp312-cp312-manylinux_2_17_x86_64.manylinux2014_x86_64.whl", hash = "sha256:be8bef99eb46d5021bf053114442914baeb3649a89dc5f3a555c88737e5e98fc"},
    {file = "black-24.4.2-cp312-cp312-win_amd64.whl", hash = "sha256:415e686e87dbbe6f4cd5ef0fbf764af7b89f9057b97c908742b6008cc554b9c0"},
    {file = "black-24.4.2-cp38-cp38-macosx_10_9_x86_64.whl", hash = "sha256:bf10f7310db693bb62692609b397e8d67257c55f949abde4c67f9cc574492cc7"},
    {file = "black-24.4.2-cp38-cp38-macosx_11_0_arm64.whl", hash = "sha256:98e123f1d5cfd42f886624d84464f7756f60ff6eab89ae845210631714f6db94"},
    {file = "black-24.4.2-cp38-cp38-manylinux_2_17_x86_64.manylinux2014_x86_64.whl", hash = "sha256:48a85f2cb5e6799a9ef05347b476cce6c182d6c71ee36925a6c194d074336ef8"},
    {file = "black-24.4.2-cp38-cp38-win_amd64.whl", hash = "sha256:b1530ae42e9d6d5b670a34db49a94115a64596bc77710b1d05e9801e62ca0a7c"},
    {file = "black-24.4.2-cp39-cp39-macosx_10_9_x86_64.whl", hash = "sha256:37aae07b029fa0174d39daf02748b379399b909652a806e5708199bd93899da1"},
    {file = "black-24.4.2-cp39-cp39-macosx_11_0_arm64.whl", hash = "sha256:da33a1a5e49c4122ccdfd56cd021ff1ebc4a1ec4e2d01594fef9b6f267a9e741"},
    {file = "black-24.4.2-cp39-cp39-manylinux_2_17_x86_64.manylinux2014_x86_64.whl", hash = "sha256:ef703f83fc32e131e9bcc0a5094cfe85599e7109f896fe8bc96cc402f3eb4b6e"},
    {file = "black-24.4.2-cp39-cp39-win_amd64.whl", hash = "sha256:b9176b9832e84308818a99a561e90aa479e73c523b3f77afd07913380ae2eab7"},
    {file = "black-24.4.2-py3-none-any.whl", hash = "sha256:d36ed1124bb81b32f8614555b34cc4259c3fbc7eec17870e8ff8ded335b58d8c"},
    {file = "black-24.4.2.tar.gz", hash = "sha256:c872b53057f000085da66a19c55d68f6f8ddcac2642392ad3a355878406fbd4d"},
]

[package.dependencies]
click = ">=8.0.0"
mypy-extensions = ">=0.4.3"
packaging = ">=22.0"
pathspec = ">=0.9.0"
platformdirs = ">=2"

[package.extras]
colorama = ["colorama (>=0.4.3)"]
d = ["aiohttp (>=3.7.4)", "aiohttp (>=3.7.4,!=3.9.0)"]
jupyter = ["ipython (>=7.8.0)", "tokenize-rt (>=3.2.0)"]
uvloop = ["uvloop (>=0.15.2)"]

[[package]]
name = "click"
version = "8.1.7"
description = "Composable command line interface toolkit"
optional = false
python-versions = ">=3.7"
files = [
    {file = "click-8.1.7-py3-none-any.whl", hash = "sha256:ae74fb96c20a0277a1d615f1e4d73c8414f5a98db8b799a7931d1582f3390c28"},
    {file = "click-8.1.7.tar.gz", hash = "sha256:ca9853ad459e787e2192211578cc907e7594e294c7ccc834310722b41b9ca6de"},
]

[package.dependencies]
colorama = {version = "*", markers = "platform_system == \"Windows\""}

[[package]]
name = "colorama"
version = "0.4.6"
description = "Cross-platform colored terminal text."
optional = false
python-versions = "!=3.0.*,!=3.1.*,!=3.2.*,!=3.3.*,!=3.4.*,!=3.5.*,!=3.6.*,>=2.7"
files = [
    {file = "colorama-0.4.6-py2.py3-none-any.whl", hash = "sha256:4f1d9991f5acc0ca119f9d443620b77f9d6b33703e51011c16baf57afb285fc6"},
    {file = "colorama-0.4.6.tar.gz", hash = "sha256:08695f5cb7ed6e0531a20572697297273c47b8cae5a63ffc6d6ed5c201be6e44"},
]

[[package]]
name = "flake8"
version = "7.1.0"
description = "the modular source code checker: pep8 pyflakes and co"
optional = false
python-versions = ">=3.8.1"
files = [
    {file = "flake8-7.1.0-py2.py3-none-any.whl", hash = "sha256:2e416edcc62471a64cea09353f4e7bdba32aeb079b6e360554c659a122b1bc6a"},
    {file = "flake8-7.1.0.tar.gz", hash = "sha256:48a07b626b55236e0fb4784ee69a465fbf59d79eec1f5b4785c3d3bc57d17aa5"},
]

[package.dependencies]
mccabe = ">=0.7.0,<0.8.0"
pycodestyle = ">=2.12.0,<2.13.0"
pyflakes = ">=3.2.0,<3.3.0"

[[package]]
name = "gnureadline"
version = "8.2.10"
description = "The standard Python readline extension statically linked against the GNU readline library."
optional = false
python-versions = "*"
files = [
    {file = "gnureadline-8.2.10-cp310-cp310-macosx_10_9_x86_64.whl", hash = "sha256:35687413adeef1dc8dfca95407f272360f241f716c837ef5291f2cb5d8fa9474"},
    {file = "gnureadline-8.2.10-cp310-cp310-macosx_11_0_arm64.whl", hash = "sha256:52d983cf1770102326cfd036e0d785834e2a73822891c4295c2e910d76113c36"},
    {file = "gnureadline-8.2.10-cp310-cp310-manylinux_2_17_aarch64.manylinux2014_aarch64.whl", hash = "sha256:00a2b753a0a98524665b383a338a3da9ec918c3268295affd806a187cc27d7ab"},
    {file = "gnureadline-8.2.10-cp310-cp310-manylinux_2_17_x86_64.manylinux2014_x86_64.whl", hash = "sha256:fd85960804d0d2cdf73f25263928feed5f0b113c55e23c179ad1f1c75b48d6c5"},
    {file = "gnureadline-8.2.10-cp311-cp311-macosx_10_9_x86_64.whl", hash = "sha256:423e502ddeb71a2025dc6a8cd9e1826be30ddb2f3d0a55a4c38eda035eafbc19"},
    {file = "gnureadline-8.2.10-cp311-cp311-macosx_11_0_arm64.whl", hash = "sha256:7a8da474f9d6b01c91a492227815238596cd352e0824dcc406b220619c5ab129"},
    {file = "gnureadline-8.2.10-cp311-cp311-manylinux_2_17_aarch64.manylinux2014_aarch64.whl", hash = "sha256:38ebc621f86db71ccab496a9bb15bc7fb2a46cdd5f930a8fd5fea075c43a0be8"},
    {file = "gnureadline-8.2.10-cp311-cp311-manylinux_2_17_x86_64.manylinux2014_x86_64.whl", hash = "sha256:b96a83b4fdcf30c10875eebd937330ed2e22980371cfed32a9038f35f5f6729d"},
    {file = "gnureadline-8.2.10-cp312-cp312-macosx_10_9_x86_64.whl", hash = "sha256:33472b7d68b7ed938f0a6f61fbfcba58af85a1e36328b145b383e1dd6e90dcc8"},
    {file = "gnureadline-8.2.10-cp312-cp312-macosx_11_0_arm64.whl", hash = "sha256:20803d53d7ab3d2cdd7d2d9e3a374bcd9d60618c101287915404adf62126503f"},
    {file = "gnureadline-8.2.10-cp312-cp312-manylinux_2_17_aarch64.manylinux2014_aarch64.whl", hash = "sha256:774e2e566a00f89ccfd40b88e652cad563627fe69929a5c2fc656897bd66228f"},
    {file = "gnureadline-8.2.10-cp312-cp312-manylinux_2_17_x86_64.manylinux2014_x86_64.whl", hash = "sha256:b86526de74cacf186dd2b7a9dedd0a5776ab4bced07832abdf2c1917d2b77507"},
    {file = "gnureadline-8.2.10-cp36-cp36m-macosx_10_9_x86_64.whl", hash = "sha256:4d58a53ab7e9ae0eaee2eab94ecb552315638171cdabbd9d5e8ba579780753a0"},
    {file = "gnureadline-8.2.10-cp36-cp36m-manylinux_2_17_aarch64.manylinux2014_aarch64.whl", hash = "sha256:d52d32927188cb4d1c3c9b24503e82ca856215c9bb978ceb264daf4672b73064"},
    {file = "gnureadline-8.2.10-cp36-cp36m-manylinux_2_17_x86_64.manylinux2014_x86_64.whl", hash = "sha256:d300f2dc0f2a810859fee17aca574c313cf576857bb64cfacab42b46b5e5b625"},
    {file = "gnureadline-8.2.10-cp37-cp37m-macosx_10_9_x86_64.whl", hash = "sha256:c80b9af1531f6cf2bac55407a208c3b8dd1557fc7044c6041f39ea4870ae5823"},
    {file = "gnureadline-8.2.10-cp37-cp37m-manylinux_2_17_aarch64.manylinux2014_aarch64.whl", hash = "sha256:c364bba0a3d7b6a56d87d6821162f335a500f07375f053245af7b3fcf8ee101d"},
    {file = "gnureadline-8.2.10-cp37-cp37m-manylinux_2_17_x86_64.manylinux2014_x86_64.whl", hash = "sha256:1b3d7425d2f5c69dda1a31b3a8a1929ac8b86934bf6c2f2d6316c07afaae2382"},
    {file = "gnureadline-8.2.10-cp38-cp38-macosx_10_9_x86_64.whl", hash = "sha256:2f20059685bd0050794e07f6f3c6a9af1299d9a64e5129b1e8a6e40e36da8d84"},
    {file = "gnureadline-8.2.10-cp38-cp38-manylinux_2_17_aarch64.manylinux2014_aarch64.whl", hash = "sha256:8c4cb8b23f64e7cc1bb48810964c22552fdb56936ddfd8946239b9bf45fe2654"},
    {file = "gnureadline-8.2.10-cp38-cp38-manylinux_2_17_x86_64.manylinux2014_x86_64.whl", hash = "sha256:b1e45dcedaadcd34e3115c54b08374ea9cbb5186de0a9448025d3c79942f79ef"},
    {file = "gnureadline-8.2.10-cp39-cp39-macosx_10_9_x86_64.whl", hash = "sha256:59fd4ab39d434aa311b2fc993b24c270d2b146be7e99af9b6640119482e2b23c"},
    {file = "gnureadline-8.2.10-cp39-cp39-macosx_11_0_arm64.whl", hash = "sha256:4671a617557d0ced5de8cdafb1177acbb1180f4249657f8f30a573357974936d"},
    {file = "gnureadline-8.2.10-cp39-cp39-manylinux_2_17_aarch64.manylinux2014_aarch64.whl", hash = "sha256:0123abd20c7aff7fa64ca377c9a4021ff1fd27aa5987c1e9159a97a5bb4023ab"},
    {file = "gnureadline-8.2.10-cp39-cp39-manylinux_2_17_x86_64.manylinux2014_x86_64.whl", hash = "sha256:edd241f734b4ad6e19891961030821cd0f14c499b82bfef91b35827cb3eed2a6"},
    {file = "gnureadline-8.2.10.tar.gz", hash = "sha256:a746ba98d4de37b079e42d949b704c33c168b30bd1f9071a1d25c9da9a449997"},
]

[[package]]
name = "iniconfig"
version = "2.0.0"
description = "brain-dead simple config-ini parsing"
optional = false
python-versions = ">=3.7"
files = [
    {file = "iniconfig-2.0.0-py3-none-any.whl", hash = "sha256:b6a85871a79d2e3b22d2d1b94ac2824226a63c6b741c88f7ae975f18b6778374"},
    {file = "iniconfig-2.0.0.tar.gz", hash = "sha256:2d91e135bf72d31a410b17c16da610a82cb55f6b0477d1a902134b24a455b8b3"},
]

[[package]]
name = "lupa"
version = "2.2"
description = "Python wrapper around Lua and LuaJIT"
optional = false
python-versions = "*"
files = [
    {file = "lupa-2.2-cp27-cp27m-macosx_11_0_x86_64.whl", hash = "sha256:4bb05e3fc8f794b4a1b8a38229c3b4ae47f83cfbe7f6b172032f66d3308a0934"},
    {file = "lupa-2.2-cp310-cp310-macosx_11_0_arm64.whl", hash = "sha256:13062395e716cebe25dfc6dc3738a9eb514bb052b52af25cf502c1fd74affd21"},
    {file = "lupa-2.2-cp310-cp310-macosx_11_0_universal2.whl", hash = "sha256:e673443dd7f7f0510bb9f4b0dc6bad6932d271b0afdbdc492fa71e9b9eab638d"},
    {file = "lupa-2.2-cp310-cp310-macosx_11_0_x86_64.whl", hash = "sha256:3b47702b94e9e391052118cbde253f69a0af96ec776f48af74e72f30d740ccc9"},
    {file = "lupa-2.2-cp310-cp310-manylinux_2_12_i686.manylinux2010_i686.manylinux_2_17_i686.manylinux2014_i686.whl", hash = "sha256:2242884a5078cd2507f15a162b5faf6f39a1f27654a1cc7db09cdb65b0b599b3"},
    {file = "lupa-2.2-cp310-cp310-manylinux_2_17_aarch64.manylinux2014_aarch64.whl", hash = "sha256:8555526f03bb41d5aef16d105e8f51da1000d833e90d846448cf745ca6cd72e8"},
    {file = "lupa-2.2-cp310-cp310-manylinux_2_17_x86_64.manylinux2014_x86_64.whl", hash = "sha256:a50807c6cc11d3ecf568d964be6708e26d4669d435c76fcb568a98d1dd6e8ae9"},
    {file = "lupa-2.2-cp310-cp310-musllinux_1_1_aarch64.whl", hash = "sha256:c140dd19614e43b76b84295945878cea3cdf7ed34e133b1a8c0e3fa7efc9c6ac"},
    {file = "lupa-2.2-cp310-cp310-musllinux_1_1_i686.whl", hash = "sha256:c725c1832b0c6095583a6a57273e6f33a6b55230f90bcacdf06934ce21ef04e9"},
    {file = "lupa-2.2-cp310-cp310-musllinux_1_1_x86_64.whl", hash = "sha256:18a302810735da688d21e8397c696e68b89dbe3c45a3fdc3406f5c0e55887467"},
    {file = "lupa-2.2-cp310-cp310-win32.whl", hash = "sha256:a4f03aa308d949a3f2e4e755ffc6a698d3ea02fccd34014fab496efb99b3d4f4"},
    {file = "lupa-2.2-cp310-cp310-win_amd64.whl", hash = "sha256:8494802f789174cd26176e6b408e60e468cda348d4f767562d06991604813f61"},
    {file = "lupa-2.2-cp311-cp311-macosx_11_0_arm64.whl", hash = "sha256:95ee903ab71c3e6498bcd3bca60938a961c84fae47cdf23389a48c73e15dbad2"},
    {file = "lupa-2.2-cp311-cp311-macosx_11_0_universal2.whl", hash = "sha256:011dbc81a790693b5457a0d761b032a8acdcc2945e32ca6ef34a7698bda0b09a"},
    {file = "lupa-2.2-cp311-cp311-macosx_11_0_x86_64.whl", hash = "sha256:8c89d8e99f684dfedccbf2f0dbdcc28deb73c4ff0545452f43ec02330dacfe0c"},
    {file = "lupa-2.2-cp311-cp311-manylinux_2_12_i686.manylinux2010_i686.manylinux_2_17_i686.manylinux2014_i686.whl", hash = "sha256:26c3edea3ce6465364af6cc1c134b7f23a3ff919e5e499720acbff01b14b9931"},
    {file = "lupa-2.2-cp311-cp311-manylinux_2_17_aarch64.manylinux2014_aarch64.whl", hash = "sha256:9cd6afa3f6c998ac55f90b0665266c19100387de55d25af25ef4a35197d29d52"},
    {file = "lupa-2.2-cp311-cp311-manylinux_2_17_x86_64.manylinux2014_x86_64.whl", hash = "sha256:5b79bef7f48696bf70eff165afa49778470607dce6420b497eb82cfae1af6947"},
    {file = "lupa-2.2-cp311-cp311-musllinux_1_1_aarch64.whl", hash = "sha256:08e2bfa98725f7495cef30d42d87fff82795b9b9e76b740521828784b778ade7"},
    {file = "lupa-2.2-cp311-cp311-musllinux_1_1_i686.whl", hash = "sha256:0318ceb4d1782776bae7495a3bd3d50e57f80115ecbeff1e95d87a4e9411acf2"},
    {file = "lupa-2.2-cp311-cp311-musllinux_1_1_x86_64.whl", hash = "sha256:9180dc7ee5c580cee41d9afac0b7c738cf7f6badf4a1398a6e1921dff155619c"},
    {file = "lupa-2.2-cp311-cp311-win32.whl", hash = "sha256:82077fe962c6e9ae1652e826f58e6250d1daa13c446ba1f4d6b68f16df65db0b"},
    {file = "lupa-2.2-cp311-cp311-win_amd64.whl", hash = "sha256:e2d2b9a6a4ef109b75668e26204f122196f33907ce3ccc80322ca70f84f81598"},
    {file = "lupa-2.2-cp312-cp312-macosx_11_0_arm64.whl", hash = "sha256:8cd872e16e736a3ecb800e70b4f36a66c794b7d339247712244a515561da4ff5"},
    {file = "lupa-2.2-cp312-cp312-macosx_11_0_universal2.whl", hash = "sha256:6e8027ad53daa511e4a049eb0eb9f71b46fd2c5be6897fc68d75288b04086d4d"},
    {file = "lupa-2.2-cp312-cp312-macosx_11_0_x86_64.whl", hash = "sha256:0a7bd2841fd41b718d415162ec53b7d00079c27b1c5c1a2f2d0fb8080dd64d73"},
    {file = "lupa-2.2-cp312-cp312-manylinux_2_12_i686.manylinux2010_i686.manylinux_2_17_i686.manylinux2014_i686.whl", hash = "sha256:63eff3aa68791b5c9a400f89f18018f4f63b8619adaa603fcd09392b87ca6b9b"},
    {file = "lupa-2.2-cp312-cp312-manylinux_2_17_aarch64.manylinux2014_aarch64.whl", hash = "sha256:8ab43356bb269ca4f03d25200b7559581cd791fbc631104c3e7d186d3c37221f"},
    {file = "lupa-2.2-cp312-cp312-manylinux_2_17_x86_64.manylinux2014_x86_64.whl", hash = "sha256:556779c0c28a2948749817ffd62dec882c834a6445aeff5d31ae862e14eebb21"},
    {file = "lupa-2.2-cp312-cp312-musllinux_1_1_aarch64.whl", hash = "sha256:42fd611a099ab1804a8d23154d4c7b2221557c94d34f8964da0dc03760f15d3d"},
    {file = "lupa-2.2-cp312-cp312-musllinux_1_1_i686.whl", hash = "sha256:63d5ae8ccbafe0aa0034da32f18fc692963df1b5e1ebf91e76f504de1d5aecff"},
    {file = "lupa-2.2-cp312-cp312-musllinux_1_1_x86_64.whl", hash = "sha256:3d3d9e5991861d8ee28709d94e673b89bdea10188b34a155835ba2dbbc7d26a7"},
    {file = "lupa-2.2-cp312-cp312-win32.whl", hash = "sha256:58a3621579b26ad5a524c1c41623ec551160653e915cf4aa41453f4339821b89"},
    {file = "lupa-2.2-cp312-cp312-win_amd64.whl", hash = "sha256:8e8ff117eca26f5cedcd2b2467cf56d0c64cfcb804b5083a36d818b57edc4036"},
    {file = "lupa-2.2-cp36-cp36m-macosx_11_0_x86_64.whl", hash = "sha256:afe2b90c65f61f7d5ad55cdbfbb89cb50e5ab4d6184ea975befc51ffdc20dc8f"},
    {file = "lupa-2.2-cp36-cp36m-manylinux_2_12_i686.manylinux2010_i686.manylinux_2_17_i686.manylinux2014_i686.whl", hash = "sha256:c597ea2dc203767dcb5a853cf885a7238b0639f5b7cb5c6ad5dbe5d2b39e25c6"},
    {file = "lupa-2.2-cp36-cp36m-manylinux_2_17_aarch64.manylinux2014_aarch64.whl", hash = "sha256:8149dcbe9953e8cad991949dec41bf6dbaa8a2d613e4b024f98e510b0aab4fa4"},
    {file = "lupa-2.2-cp36-cp36m-manylinux_2_17_x86_64.manylinux2014_x86_64.whl", hash = "sha256:92e1c6a1f380bc829618d0e95c15612b6e2604baa8ffd42547451e9d842837ae"},
    {file = "lupa-2.2-cp36-cp36m-musllinux_1_1_aarch64.whl", hash = "sha256:56be246cf7126f980c13b79a03ad43361dee5a65f8be8c4e2feb58a2bdcc5a2a"},
    {file = "lupa-2.2-cp36-cp36m-musllinux_1_1_i686.whl", hash = "sha256:da3460b920d4520ae8a3927b92c22402592fe2e31f08492c3c0ba9b8eadee302"},
    {file = "lupa-2.2-cp36-cp36m-musllinux_1_1_x86_64.whl", hash = "sha256:211d3371d9836d87b2097f520492241cd5e06b29ca8777739c4fe30a1df4c76c"},
    {file = "lupa-2.2-cp36-cp36m-win32.whl", hash = "sha256:617fc3532f224619e15d45adb9c9af8f4690e36cad332d68d49e78463e51d528"},
    {file = "lupa-2.2-cp36-cp36m-win_amd64.whl", hash = "sha256:50b2f0f8bfcacd68c9ae0a2872ff4b90c2df0490f193253c922283a295f23b6a"},
    {file = "lupa-2.2-cp37-cp37m-macosx_11_0_x86_64.whl", hash = "sha256:f3de07b7f19296a702c8710f44b221aefe6563461e209198862cd1f06401b13d"},
    {file = "lupa-2.2-cp37-cp37m-manylinux_2_12_i686.manylinux2010_i686.manylinux_2_17_i686.manylinux2014_i686.whl", hash = "sha256:eed6529c89ea475cbc403ed6e8670f1adf9eb2eb34b7610690d9827d35759a3c"},
    {file = "lupa-2.2-cp37-cp37m-manylinux_2_17_aarch64.manylinux2014_aarch64.whl", hash = "sha256:1cc171b352c187a012bbc5c20692236843e8c123c60569be872cb72bb7edcbd4"},
    {file = "lupa-2.2-cp37-cp37m-manylinux_2_17_x86_64.manylinux2014_x86_64.whl", hash = "sha256:704ed8f5a91133a8d62cba2d6fe4f2e43c7ee6f3998484d31abcfc4a57bedd1e"},
    {file = "lupa-2.2-cp37-cp37m-musllinux_1_1_aarch64.whl", hash = "sha256:d2aa0fba09a045f5bcc638ede0f614fcd36339da58b7415a1e66e3590781a4a5"},
    {file = "lupa-2.2-cp37-cp37m-musllinux_1_1_i686.whl", hash = "sha256:b2b911d3890fa93ae3f83c5d806008c3b551941813b39e7605def137a9b9b064"},
    {file = "lupa-2.2-cp37-cp37m-musllinux_1_1_x86_64.whl", hash = "sha256:00bcae88a2123f0cfd34f7206cc2d88008d905ebc065d41797827d046404b09e"},
    {file = "lupa-2.2-cp37-cp37m-win32.whl", hash = "sha256:225bbe9e58881bb92f96c6b43587168ed329b2b37c3236a9883efa681aec9f5a"},
    {file = "lupa-2.2-cp37-cp37m-win_amd64.whl", hash = "sha256:57662d9653e157872caeaa622d966aa1da7bb8fe8646b63fb1194a3cdb98c417"},
    {file = "lupa-2.2-cp38-cp38-macosx_11_0_arm64.whl", hash = "sha256:cc728fbe6d4e668ad8bec979ef86675387ca640e319ec029e0fc8f2bc9c3d224"},
    {file = "lupa-2.2-cp38-cp38-macosx_11_0_x86_64.whl", hash = "sha256:33a2beebe078e13770eff5d12a22d98a425fff89f87af2155c32769adc0114f1"},
    {file = "lupa-2.2-cp38-cp38-manylinux_2_12_i686.manylinux2010_i686.manylinux_2_17_i686.manylinux2014_i686.whl", hash = "sha256:fd1e95d8a399ff379d09358490171965aaa25007ed06488b972df08f1b3df509"},
    {file = "lupa-2.2-cp38-cp38-manylinux_2_17_aarch64.manylinux2014_aarch64.whl", hash = "sha256:a63d1bc6a473813c707cf5badbfba081bf7cfbd761d58e1812c9a65a477146f9"},
    {file = "lupa-2.2-cp38-cp38-manylinux_2_17_x86_64.manylinux2014_x86_64.whl", hash = "sha256:df6e1bdd13f6fbdab2212bf08c24c232653832673c21c10ba576f89770e58686"},
    {file = "lupa-2.2-cp38-cp38-musllinux_1_1_aarch64.whl", hash = "sha256:26f2617544e4b8cf2a4c1873e6f4feb7e547f4c06bfd088a24547d37f68a3945"},
    {file = "lupa-2.2-cp38-cp38-musllinux_1_1_i686.whl", hash = "sha256:189856225402eab6dc467b77190c5beddc5c004a9cdc5855e7517206f3b380ca"},
    {file = "lupa-2.2-cp38-cp38-musllinux_1_1_x86_64.whl", hash = "sha256:2563d55538ebecab1d8768c77e1972f7768440b8e41aff4466352b942aa50dd1"},
    {file = "lupa-2.2-cp38-cp38-win32.whl", hash = "sha256:6c7e418bd39b9e2717654ed52ea55b681247d95139da958603e0766ed138b190"},
    {file = "lupa-2.2-cp38-cp38-win_amd64.whl", hash = "sha256:3facbd310fc73d3bcdb8cb363df80524ee52ac25b7566d0f0fb8b300b04c3bdb"},
    {file = "lupa-2.2-cp39-cp39-macosx_11_0_arm64.whl", hash = "sha256:cda04e655af89824a92b4ca168524e0f526b78da5f39f66103cc3b6a924ef60c"},
    {file = "lupa-2.2-cp39-cp39-macosx_11_0_universal2.whl", hash = "sha256:c49d1962478fa6a94b468e0dd6f725034ee690f41ae03217ff4672f370a7a099"},
    {file = "lupa-2.2-cp39-cp39-macosx_11_0_x86_64.whl", hash = "sha256:6bddf06f4f4b2257701e12690c5e951eb6a02b88633b7a43cc160172ff3a88b5"},
    {file = "lupa-2.2-cp39-cp39-manylinux_2_12_i686.manylinux2010_i686.manylinux_2_17_i686.manylinux2014_i686.whl", hash = "sha256:10c3bb414fc3a4ba9ac3e57a17ffd4c3d0db6da78c53b6792de5a964b5539e42"},
    {file = "lupa-2.2-cp39-cp39-manylinux_2_17_aarch64.manylinux2014_aarch64.whl", hash = "sha256:10c2c81bc96f2091210aaf046ef22f920581a3e161b3961121171e02595ca6fb"},
    {file = "lupa-2.2-cp39-cp39-manylinux_2_17_x86_64.manylinux2014_x86_64.whl", hash = "sha256:11193c9e7fe1b82d921991c68a33f5b08c8e0c16d67d173768fc80f8c75d9d52"},
    {file = "lupa-2.2-cp39-cp39-musllinux_1_1_aarch64.whl", hash = "sha256:9e149fafd20e748818a0b718abc42f099a3cc6debc7c6932564d7e475291f0e2"},
    {file = "lupa-2.2-cp39-cp39-musllinux_1_1_i686.whl", hash = "sha256:2518128f38a4608bbc5375404082a3c22c86037639842fb7b1fc2b4f5d2a41e3"},
    {file = "lupa-2.2-cp39-cp39-musllinux_1_1_x86_64.whl", hash = "sha256:756fc6aa5ca3a6b7764c474ef061760c5d38e2dd96c21567ab3c7d4f5ed2c3a7"},
    {file = "lupa-2.2-cp39-cp39-win32.whl", hash = "sha256:9b2b7148a77f60b7b193aec2bd820e89c1ecaab9838ca81c8212e2f972df1a1d"},
    {file = "lupa-2.2-cp39-cp39-win_amd64.whl", hash = "sha256:93216d7ae8bb373a8a388b058960a00eaaa6a01e5e2306a13e65db1024181a62"},
    {file = "lupa-2.2-pp310-pypy310_pp73-macosx_11_0_x86_64.whl", hash = "sha256:e4cd8c6f725a5629551ac08979d0631af6bed2564cf87dcae489bcb53bdab808"},
    {file = "lupa-2.2-pp310-pypy310_pp73-manylinux_2_17_x86_64.manylinux2014_x86_64.whl", hash = "sha256:95d712728d36262e0bcffea2ad4b1c3ee6122e4eb16f5a70c2f4750f34580148"},
    {file = "lupa-2.2-pp310-pypy310_pp73-win_amd64.whl", hash = "sha256:47eb46153810e868c543ffc53a3369700998a3e617cfcebf49133a79e6f56432"},
    {file = "lupa-2.2-pp37-pypy37_pp73-macosx_11_0_x86_64.whl", hash = "sha256:283066c6ef9141a66924854a78619ff16bc2efd324484807be58ca9a8e9b617a"},
    {file = "lupa-2.2-pp37-pypy37_pp73-manylinux_2_17_x86_64.manylinux2014_x86_64.whl", hash = "sha256:7141e395325f150321c3caa69178dc70224512e0483e2165d3d1ca375608abb7"},
    {file = "lupa-2.2-pp37-pypy37_pp73-win_amd64.whl", hash = "sha256:502248085d3d2dc74e642f97773367a1929daa24fcf039dd5048acdd5b49a8f9"},
    {file = "lupa-2.2-pp38-pypy38_pp73-macosx_11_0_x86_64.whl", hash = "sha256:4cdeb4a942068882c9e3751520b6de1b6c21d7c2526a2040755b62c7cb46308f"},
    {file = "lupa-2.2-pp38-pypy38_pp73-manylinux_2_17_x86_64.manylinux2014_x86_64.whl", hash = "sha256:bfd7e62f3149d10fa3485f4d5143f74b295787708b1974f7fad74b65fb911fa1"},
    {file = "lupa-2.2-pp38-pypy38_pp73-win_amd64.whl", hash = "sha256:4c78b3b7137212a9ef881adca3168a376445da3a7dc322b2416c90a73c81db2c"},
    {file = "lupa-2.2-pp39-pypy39_pp73-macosx_11_0_x86_64.whl", hash = "sha256:ecd1b3a4d8db553c4eaed742843f4b7d77bca795ec9f4292385709bcf691e8a3"},
    {file = "lupa-2.2-pp39-pypy39_pp73-manylinux_2_17_x86_64.manylinux2014_x86_64.whl", hash = "sha256:36db930207c15656b9989721ea41ba8c039abd088cc7242bb690aa72a4978e68"},
    {file = "lupa-2.2-pp39-pypy39_pp73-win_amd64.whl", hash = "sha256:8ccba6f5cd8bdecf4000531298e6edd803547340752b80fe5b74911fa6119cc8"},
    {file = "lupa-2.2.tar.gz", hash = "sha256:665a006bcf8d9aacdfdb953824b929d06a0c55910a662b59be2f157ab4c8924d"},
]

[[package]]
name = "mccabe"
version = "0.7.0"
description = "McCabe checker, plugin for flake8"
optional = false
python-versions = ">=3.6"
files = [
    {file = "mccabe-0.7.0-py2.py3-none-any.whl", hash = "sha256:6c2d30ab6be0e4a46919781807b4f0d834ebdd6c6e3dca0bda5a15f863427b6e"},
    {file = "mccabe-0.7.0.tar.gz", hash = "sha256:348e0240c33b60bbdf4e523192ef919f28cb2c3d7d5c7794f74009290f236325"},
]

[[package]]
name = "mypy"
version = "1.10.0"
description = "Optional static typing for Python"
optional = false
python-versions = ">=3.8"
files = [
    {file = "mypy-1.10.0-cp310-cp310-macosx_10_9_x86_64.whl", hash = "sha256:da1cbf08fb3b851ab3b9523a884c232774008267b1f83371ace57f412fe308c2"},
    {file = "mypy-1.10.0-cp310-cp310-macosx_11_0_arm64.whl", hash = "sha256:12b6bfc1b1a66095ab413160a6e520e1dc076a28f3e22f7fb25ba3b000b4ef99"},
    {file = "mypy-1.10.0-cp310-cp310-manylinux_2_17_x86_64.manylinux2014_x86_64.whl", hash = "sha256:9e36fb078cce9904c7989b9693e41cb9711e0600139ce3970c6ef814b6ebc2b2"},
    {file = "mypy-1.10.0-cp310-cp310-musllinux_1_1_x86_64.whl", hash = "sha256:2b0695d605ddcd3eb2f736cd8b4e388288c21e7de85001e9f85df9187f2b50f9"},
    {file = "mypy-1.10.0-cp310-cp310-win_amd64.whl", hash = "sha256:cd777b780312ddb135bceb9bc8722a73ec95e042f911cc279e2ec3c667076051"},
    {file = "mypy-1.10.0-cp311-cp311-macosx_10_9_x86_64.whl", hash = "sha256:3be66771aa5c97602f382230165b856c231d1277c511c9a8dd058be4784472e1"},
    {file = "mypy-1.10.0-cp311-cp311-macosx_11_0_arm64.whl", hash = "sha256:8b2cbaca148d0754a54d44121b5825ae71868c7592a53b7292eeb0f3fdae95ee"},
    {file = "mypy-1.10.0-cp311-cp311-manylinux_2_17_x86_64.manylinux2014_x86_64.whl", hash = "sha256:1ec404a7cbe9fc0e92cb0e67f55ce0c025014e26d33e54d9e506a0f2d07fe5de"},
    {file = "mypy-1.10.0-cp311-cp311-musllinux_1_1_x86_64.whl", hash = "sha256:e22e1527dc3d4aa94311d246b59e47f6455b8729f4968765ac1eacf9a4760bc7"},
    {file = "mypy-1.10.0-cp311-cp311-win_amd64.whl", hash = "sha256:a87dbfa85971e8d59c9cc1fcf534efe664d8949e4c0b6b44e8ca548e746a8d53"},
    {file = "mypy-1.10.0-cp312-cp312-macosx_10_9_x86_64.whl", hash = "sha256:a781f6ad4bab20eef8b65174a57e5203f4be627b46291f4589879bf4e257b97b"},
    {file = "mypy-1.10.0-cp312-cp312-macosx_11_0_arm64.whl", hash = "sha256:b808e12113505b97d9023b0b5e0c0705a90571c6feefc6f215c1df9381256e30"},
    {file = "mypy-1.10.0-cp312-cp312-manylinux_2_17_x86_64.manylinux2014_x86_64.whl", hash = "sha256:8f55583b12156c399dce2df7d16f8a5095291354f1e839c252ec6c0611e86e2e"},
    {file = "mypy-1.10.0-cp312-cp312-musllinux_1_1_x86_64.whl", hash = "sha256:4cf18f9d0efa1b16478c4c129eabec36148032575391095f73cae2e722fcf9d5"},
    {file = "mypy-1.10.0-cp312-cp312-win_amd64.whl", hash = "sha256:bc6ac273b23c6b82da3bb25f4136c4fd42665f17f2cd850771cb600bdd2ebeda"},
    {file = "mypy-1.10.0-cp38-cp38-macosx_10_9_x86_64.whl", hash = "sha256:9fd50226364cd2737351c79807775136b0abe084433b55b2e29181a4c3c878c0"},
    {file = "mypy-1.10.0-cp38-cp38-macosx_11_0_arm64.whl", hash = "sha256:f90cff89eea89273727d8783fef5d4a934be2fdca11b47def50cf5d311aff727"},
    {file = "mypy-1.10.0-cp38-cp38-manylinux_2_17_x86_64.manylinux2014_x86_64.whl", hash = "sha256:fcfc70599efde5c67862a07a1aaf50e55bce629ace26bb19dc17cece5dd31ca4"},
    {file = "mypy-1.10.0-cp38-cp38-musllinux_1_1_x86_64.whl", hash = "sha256:075cbf81f3e134eadaf247de187bd604748171d6b79736fa9b6c9685b4083061"},
    {file = "mypy-1.10.0-cp38-cp38-win_amd64.whl", hash = "sha256:3f298531bca95ff615b6e9f2fc0333aae27fa48052903a0ac90215021cdcfa4f"},
    {file = "mypy-1.10.0-cp39-cp39-macosx_10_9_x86_64.whl", hash = "sha256:fa7ef5244615a2523b56c034becde4e9e3f9b034854c93639adb667ec9ec2976"},
    {file = "mypy-1.10.0-cp39-cp39-macosx_11_0_arm64.whl", hash = "sha256:3236a4c8f535a0631f85f5fcdffba71c7feeef76a6002fcba7c1a8e57c8be1ec"},
    {file = "mypy-1.10.0-cp39-cp39-manylinux_2_17_x86_64.manylinux2014_x86_64.whl", hash = "sha256:4a2b5cdbb5dd35aa08ea9114436e0d79aceb2f38e32c21684dcf8e24e1e92821"},
    {file = "mypy-1.10.0-cp39-cp39-musllinux_1_1_x86_64.whl", hash = "sha256:92f93b21c0fe73dc00abf91022234c79d793318b8a96faac147cd579c1671746"},
    {file = "mypy-1.10.0-cp39-cp39-win_amd64.whl", hash = "sha256:28d0e038361b45f099cc086d9dd99c15ff14d0188f44ac883010e172ce86c38a"},
    {file = "mypy-1.10.0-py3-none-any.whl", hash = "sha256:f8c083976eb530019175aabadb60921e73b4f45736760826aa1689dda8208aee"},
    {file = "mypy-1.10.0.tar.gz", hash = "sha256:3d087fcbec056c4ee34974da493a826ce316947485cef3901f511848e687c131"},
]

[package.dependencies]
mypy-extensions = ">=1.0.0"
typing-extensions = ">=4.1.0"

[package.extras]
dmypy = ["psutil (>=4.0)"]
install-types = ["pip"]
mypyc = ["setuptools (>=50)"]
reports = ["lxml"]

[[package]]
name = "mypy-extensions"
version = "1.0.0"
description = "Type system extensions for programs checked with the mypy type checker."
optional = false
python-versions = ">=3.5"
files = [
    {file = "mypy_extensions-1.0.0-py3-none-any.whl", hash = "sha256:4392f6c0eb8a5668a69e23d168ffa70f0be9ccfd32b5cc2d26a34ae5b844552d"},
    {file = "mypy_extensions-1.0.0.tar.gz", hash = "sha256:75dbf8955dc00442a438fc4d0666508a9a97b6bd41aa2f0ffe9d2f2725af0782"},
]

[[package]]
name = "numpy"
version = "1.26.4"
description = "Fundamental package for array computing in Python"
optional = false
python-versions = ">=3.9"
files = [
    {file = "numpy-1.26.4-cp310-cp310-macosx_10_9_x86_64.whl", hash = "sha256:9ff0f4f29c51e2803569d7a51c2304de5554655a60c5d776e35b4a41413830d0"},
    {file = "numpy-1.26.4-cp310-cp310-macosx_11_0_arm64.whl", hash = "sha256:2e4ee3380d6de9c9ec04745830fd9e2eccb3e6cf790d39d7b98ffd19b0dd754a"},
    {file = "numpy-1.26.4-cp310-cp310-manylinux_2_17_aarch64.manylinux2014_aarch64.whl", hash = "sha256:d209d8969599b27ad20994c8e41936ee0964e6da07478d6c35016bc386b66ad4"},
    {file = "numpy-1.26.4-cp310-cp310-manylinux_2_17_x86_64.manylinux2014_x86_64.whl", hash = "sha256:ffa75af20b44f8dba823498024771d5ac50620e6915abac414251bd971b4529f"},
    {file = "numpy-1.26.4-cp310-cp310-musllinux_1_1_aarch64.whl", hash = "sha256:62b8e4b1e28009ef2846b4c7852046736bab361f7aeadeb6a5b89ebec3c7055a"},
    {file = "numpy-1.26.4-cp310-cp310-musllinux_1_1_x86_64.whl", hash = "sha256:a4abb4f9001ad2858e7ac189089c42178fcce737e4169dc61321660f1a96c7d2"},
    {file = "numpy-1.26.4-cp310-cp310-win32.whl", hash = "sha256:bfe25acf8b437eb2a8b2d49d443800a5f18508cd811fea3181723922a8a82b07"},
    {file = "numpy-1.26.4-cp310-cp310-win_amd64.whl", hash = "sha256:b97fe8060236edf3662adfc2c633f56a08ae30560c56310562cb4f95500022d5"},
    {file = "numpy-1.26.4-cp311-cp311-macosx_10_9_x86_64.whl", hash = "sha256:4c66707fabe114439db9068ee468c26bbdf909cac0fb58686a42a24de1760c71"},
    {file = "numpy-1.26.4-cp311-cp311-macosx_11_0_arm64.whl", hash = "sha256:edd8b5fe47dab091176d21bb6de568acdd906d1887a4584a15a9a96a1dca06ef"},
    {file = "numpy-1.26.4-cp311-cp311-manylinux_2_17_aarch64.manylinux2014_aarch64.whl", hash = "sha256:7ab55401287bfec946ced39700c053796e7cc0e3acbef09993a9ad2adba6ca6e"},
    {file = "numpy-1.26.4-cp311-cp311-manylinux_2_17_x86_64.manylinux2014_x86_64.whl", hash = "sha256:666dbfb6ec68962c033a450943ded891bed2d54e6755e35e5835d63f4f6931d5"},
    {file = "numpy-1.26.4-cp311-cp311-musllinux_1_1_aarch64.whl", hash = "sha256:96ff0b2ad353d8f990b63294c8986f1ec3cb19d749234014f4e7eb0112ceba5a"},
    {file = "numpy-1.26.4-cp311-cp311-musllinux_1_1_x86_64.whl", hash = "sha256:60dedbb91afcbfdc9bc0b1f3f402804070deed7392c23eb7a7f07fa857868e8a"},
    {file = "numpy-1.26.4-cp311-cp311-win32.whl", hash = "sha256:1af303d6b2210eb850fcf03064d364652b7120803a0b872f5211f5234b399f20"},
    {file = "numpy-1.26.4-cp311-cp311-win_amd64.whl", hash = "sha256:cd25bcecc4974d09257ffcd1f098ee778f7834c3ad767fe5db785be9a4aa9cb2"},
    {file = "numpy-1.26.4-cp312-cp312-macosx_10_9_x86_64.whl", hash = "sha256:b3ce300f3644fb06443ee2222c2201dd3a89ea6040541412b8fa189341847218"},
    {file = "numpy-1.26.4-cp312-cp312-macosx_11_0_arm64.whl", hash = "sha256:03a8c78d01d9781b28a6989f6fa1bb2c4f2d51201cf99d3dd875df6fbd96b23b"},
    {file = "numpy-1.26.4-cp312-cp312-manylinux_2_17_aarch64.manylinux2014_aarch64.whl", hash = "sha256:9fad7dcb1aac3c7f0584a5a8133e3a43eeb2fe127f47e3632d43d677c66c102b"},
    {file = "numpy-1.26.4-cp312-cp312-manylinux_2_17_x86_64.manylinux2014_x86_64.whl", hash = "sha256:675d61ffbfa78604709862923189bad94014bef562cc35cf61d3a07bba02a7ed"},
    {file = "numpy-1.26.4-cp312-cp312-musllinux_1_1_aarch64.whl", hash = "sha256:ab47dbe5cc8210f55aa58e4805fe224dac469cde56b9f731a4c098b91917159a"},
    {file = "numpy-1.26.4-cp312-cp312-musllinux_1_1_x86_64.whl", hash = "sha256:1dda2e7b4ec9dd512f84935c5f126c8bd8b9f2fc001e9f54af255e8c5f16b0e0"},
    {file = "numpy-1.26.4-cp312-cp312-win32.whl", hash = "sha256:50193e430acfc1346175fcbdaa28ffec49947a06918b7b92130744e81e640110"},
    {file = "numpy-1.26.4-cp312-cp312-win_amd64.whl", hash = "sha256:08beddf13648eb95f8d867350f6a018a4be2e5ad54c8d8caed89ebca558b2818"},
    {file = "numpy-1.26.4-cp39-cp39-macosx_10_9_x86_64.whl", hash = "sha256:7349ab0fa0c429c82442a27a9673fc802ffdb7c7775fad780226cb234965e53c"},
    {file = "numpy-1.26.4-cp39-cp39-macosx_11_0_arm64.whl", hash = "sha256:52b8b60467cd7dd1e9ed082188b4e6bb35aa5cdd01777621a1658910745b90be"},
    {file = "numpy-1.26.4-cp39-cp39-manylinux_2_17_aarch64.manylinux2014_aarch64.whl", hash = "sha256:d5241e0a80d808d70546c697135da2c613f30e28251ff8307eb72ba696945764"},
    {file = "numpy-1.26.4-cp39-cp39-manylinux_2_17_x86_64.manylinux2014_x86_64.whl", hash = "sha256:f870204a840a60da0b12273ef34f7051e98c3b5961b61b0c2c1be6dfd64fbcd3"},
    {file = "numpy-1.26.4-cp39-cp39-musllinux_1_1_aarch64.whl", hash = "sha256:679b0076f67ecc0138fd2ede3a8fd196dddc2ad3254069bcb9faf9a79b1cebcd"},
    {file = "numpy-1.26.4-cp39-cp39-musllinux_1_1_x86_64.whl", hash = "sha256:47711010ad8555514b434df65f7d7b076bb8261df1ca9bb78f53d3b2db02e95c"},
    {file = "numpy-1.26.4-cp39-cp39-win32.whl", hash = "sha256:a354325ee03388678242a4d7ebcd08b5c727033fcff3b2f536aea978e15ee9e6"},
    {file = "numpy-1.26.4-cp39-cp39-win_amd64.whl", hash = "sha256:3373d5d70a5fe74a2c1bb6d2cfd9609ecf686d47a2d7b1d37a8f3b6bf6003aea"},
    {file = "numpy-1.26.4-pp39-pypy39_pp73-macosx_10_9_x86_64.whl", hash = "sha256:afedb719a9dcfc7eaf2287b839d8198e06dcd4cb5d276a3df279231138e83d30"},
    {file = "numpy-1.26.4-pp39-pypy39_pp73-manylinux_2_17_x86_64.manylinux2014_x86_64.whl", hash = "sha256:95a7476c59002f2f6c590b9b7b998306fba6a5aa646b1e22ddfeaf8f78c3a29c"},
    {file = "numpy-1.26.4-pp39-pypy39_pp73-win_amd64.whl", hash = "sha256:7e50d0a0cc3189f9cb0aeb3a6a6af18c16f59f004b866cd2be1c14b36134a4a0"},
    {file = "numpy-1.26.4.tar.gz", hash = "sha256:2a02aba9ed12e4ac4eb3ea9421c420301a0c6460d9830d74a9df87efa4912010"},
]

[[package]]
name = "packaging"
version = "24.1"
description = "Core utilities for Python packages"
optional = false
python-versions = ">=3.8"
files = [
    {file = "packaging-24.1-py3-none-any.whl", hash = "sha256:5b8f2217dbdbd2f7f384c41c628544e6d52f2d0f53c6d0c3ea61aa5d1d7ff124"},
    {file = "packaging-24.1.tar.gz", hash = "sha256:026ed72c8ed3fcce5bf8950572258698927fd1dbda10a5e981cdf0ac37f4f002"},
]

[[package]]
name = "pathspec"
version = "0.12.1"
description = "Utility library for gitignore style pattern matching of file paths."
optional = false
python-versions = ">=3.8"
files = [
    {file = "pathspec-0.12.1-py3-none-any.whl", hash = "sha256:a0d503e138a4c123b27490a4f7beda6a01c6f288df0e4a8b79c7eb0dc7b4cc08"},
    {file = "pathspec-0.12.1.tar.gz", hash = "sha256:a482d51503a1ab33b1c67a6c3813a26953dbdc71c31dacaef9a838c4e29f5712"},
]

[[package]]
name = "platformdirs"
version = "4.2.2"
description = "A small Python package for determining appropriate platform-specific dirs, e.g. a `user data dir`."
optional = false
python-versions = ">=3.8"
files = [
    {file = "platformdirs-4.2.2-py3-none-any.whl", hash = "sha256:2d7a1657e36a80ea911db832a8a6ece5ee53d8de21edd5cc5879af6530b1bfee"},
    {file = "platformdirs-4.2.2.tar.gz", hash = "sha256:38b7b51f512eed9e84a22788b4bce1de17c0adb134d6becb09836e37d8654cd3"},
]

[package.extras]
docs = ["furo (>=2023.9.10)", "proselint (>=0.13)", "sphinx (>=7.2.6)", "sphinx-autodoc-typehints (>=1.25.2)"]
test = ["appdirs (==1.4.4)", "covdefaults (>=2.3)", "pytest (>=7.4.3)", "pytest-cov (>=4.1)", "pytest-mock (>=3.12)"]
type = ["mypy (>=1.8)"]

[[package]]
name = "pluggy"
version = "1.5.0"
description = "plugin and hook calling mechanisms for python"
optional = false
python-versions = ">=3.8"
files = [
    {file = "pluggy-1.5.0-py3-none-any.whl", hash = "sha256:44e1ad92c8ca002de6377e165f3e0f1be63266ab4d554740532335b9d75ea669"},
    {file = "pluggy-1.5.0.tar.gz", hash = "sha256:2cffa88e94fdc978c4c574f15f9e59b7f4201d439195c3715ca9e2486f1d0cf1"},
]

[package.extras]
dev = ["pre-commit", "tox"]
testing = ["pytest", "pytest-benchmark"]

[[package]]
name = "pycodestyle"
version = "2.12.0"
description = "Python style guide checker"
optional = false
python-versions = ">=3.8"
files = [
    {file = "pycodestyle-2.12.0-py2.py3-none-any.whl", hash = "sha256:949a39f6b86c3e1515ba1787c2022131d165a8ad271b11370a8819aa070269e4"},
    {file = "pycodestyle-2.12.0.tar.gz", hash = "sha256:442f950141b4f43df752dd303511ffded3a04c2b6fb7f65980574f0c31e6e79c"},
]

[[package]]
name = "pyflakes"
version = "3.2.0"
description = "passive checker of Python programs"
optional = false
python-versions = ">=3.8"
files = [
    {file = "pyflakes-3.2.0-py2.py3-none-any.whl", hash = "sha256:84b5be138a2dfbb40689ca07e2152deb896a65c3a3e24c251c5c62489568074a"},
    {file = "pyflakes-3.2.0.tar.gz", hash = "sha256:1c61603ff154621fb2a9172037d84dca3500def8c8b630657d1701f026f8af3f"},
]

[[package]]
name = "pytest"
version = "8.2.2"
description = "pytest: simple powerful testing with Python"
optional = false
python-versions = ">=3.8"
files = [
    {file = "pytest-8.2.2-py3-none-any.whl", hash = "sha256:c434598117762e2bd304e526244f67bf66bbd7b5d6cf22138be51ff661980343"},
    {file = "pytest-8.2.2.tar.gz", hash = "sha256:de4bb8104e201939ccdc688b27a89a7be2079b22e2bd2b07f806b6ba71117977"},
]

[package.dependencies]
colorama = {version = "*", markers = "sys_platform == \"win32\""}
iniconfig = "*"
packaging = "*"
pluggy = ">=1.5,<2.0"

[package.extras]
dev = ["argcomplete", "attrs (>=19.2)", "hypothesis (>=3.56)", "mock", "pygments (>=2.7.2)", "requests", "setuptools", "xmlschema"]

[[package]]
name = "pytest-asyncio"
version = "0.23.7"
description = "Pytest support for asyncio"
optional = false
python-versions = ">=3.8"
files = [
    {file = "pytest_asyncio-0.23.7-py3-none-any.whl", hash = "sha256:009b48127fbe44518a547bddd25611551b0e43ccdbf1e67d12479f569832c20b"},
    {file = "pytest_asyncio-0.23.7.tar.gz", hash = "sha256:5f5c72948f4c49e7db4f29f2521d4031f1c27f86e57b046126654083d4770268"},
]

[package.dependencies]
pytest = ">=7.0.0,<9"

[package.extras]
docs = ["sphinx (>=5.3)", "sphinx-rtd-theme (>=1.0)"]
testing = ["coverage (>=6.2)", "hypothesis (>=5.7.1)"]

[[package]]
name = "snakeviz"
version = "2.2.0"
description = "A web-based viewer for Python profiler output"
optional = false
python-versions = ">=3.7"
files = [
    {file = "snakeviz-2.2.0-py2.py3-none-any.whl", hash = "sha256:569e2d71c47f80a886aa6e70d6405cb6d30aa3520969ad956b06f824c5f02b8e"},
    {file = "snakeviz-2.2.0.tar.gz", hash = "sha256:7bfd00be7ae147eb4a170a471578e1cd3f41f803238958b6b8efcf2c698a6aa9"},
]

[package.dependencies]
tornado = ">=2.0"

[[package]]
name = "tornado"
version = "6.4.1"
description = "Tornado is a Python web framework and asynchronous networking library, originally developed at FriendFeed."
optional = false
python-versions = ">=3.8"
files = [
    {file = "tornado-6.4.1-cp38-abi3-macosx_10_9_universal2.whl", hash = "sha256:163b0aafc8e23d8cdc3c9dfb24c5368af84a81e3364745ccb4427669bf84aec8"},
    {file = "tornado-6.4.1-cp38-abi3-macosx_10_9_x86_64.whl", hash = "sha256:6d5ce3437e18a2b66fbadb183c1d3364fb03f2be71299e7d10dbeeb69f4b2a14"},
    {file = "tornado-6.4.1-cp38-abi3-manylinux_2_17_aarch64.manylinux2014_aarch64.whl", hash = "sha256:e2e20b9113cd7293f164dc46fffb13535266e713cdb87bd2d15ddb336e96cfc4"},
    {file = "tornado-6.4.1-cp38-abi3-manylinux_2_5_i686.manylinux1_i686.manylinux_2_17_i686.manylinux2014_i686.whl", hash = "sha256:8ae50a504a740365267b2a8d1a90c9fbc86b780a39170feca9bcc1787ff80842"},
    {file = "tornado-6.4.1-cp38-abi3-manylinux_2_5_x86_64.manylinux1_x86_64.manylinux_2_17_x86_64.manylinux2014_x86_64.whl", hash = "sha256:613bf4ddf5c7a95509218b149b555621497a6cc0d46ac341b30bd9ec19eac7f3"},
    {file = "tornado-6.4.1-cp38-abi3-musllinux_1_2_aarch64.whl", hash = "sha256:25486eb223babe3eed4b8aecbac33b37e3dd6d776bc730ca14e1bf93888b979f"},
    {file = "tornado-6.4.1-cp38-abi3-musllinux_1_2_i686.whl", hash = "sha256:454db8a7ecfcf2ff6042dde58404164d969b6f5d58b926da15e6b23817950fc4"},
    {file = "tornado-6.4.1-cp38-abi3-musllinux_1_2_x86_64.whl", hash = "sha256:a02a08cc7a9314b006f653ce40483b9b3c12cda222d6a46d4ac63bb6c9057698"},
    {file = "tornado-6.4.1-cp38-abi3-win32.whl", hash = "sha256:d9a566c40b89757c9aa8e6f032bcdb8ca8795d7c1a9762910c722b1635c9de4d"},
    {file = "tornado-6.4.1-cp38-abi3-win_amd64.whl", hash = "sha256:b24b8982ed444378d7f21d563f4180a2de31ced9d8d84443907a0a64da2072e7"},
    {file = "tornado-6.4.1.tar.gz", hash = "sha256:92d3ab53183d8c50f8204a51e6f91d18a15d5ef261e84d452800d4ff6fc504e9"},
]

[[package]]
name = "typing-extensions"
version = "4.12.2"
description = "Backported and Experimental Type Hints for Python 3.8+"
optional = false
python-versions = ">=3.8"
files = [
    {file = "typing_extensions-4.12.2-py3-none-any.whl", hash = "sha256:04e5ca0351e0f3f85c6853954072df659d0d13fac324d0072316b67d7794700d"},
    {file = "typing_extensions-4.12.2.tar.gz", hash = "sha256:1a7ead55c7e559dd4dee8856e3a88b41225abfe1ce8df57b7c13915fe121ffb8"},
]

[metadata]
lock-version = "2.0"
python-versions = "^3.12"
content-hash = "d65c5209e0fe81bac4c920615112417a368939db9d347ce15521cb79e00feb70"
